
Microsoft Visual Studio Solution File, Format Version 12.00
# Visual Studio Version 16
VisualStudioVersion = 16.0.29424.173
MinimumVisualStudioVersion = 10.0.40219.1
Project("{FAE04EC0-301F-11D3-BF4B-00C04F79EFBC}") = "CrmBL", "CrmBL\CrmBL.csproj", "{40E2F865-24A2-438A-98B4-58EFD9F639F0}"
EndProject
Project("{FAE04EC0-301F-11D3-BF4B-00C04F79EFBC}") = "CrmUI", "CrmUI\CrmUI.csproj", "{16124725-C5E2-4BC1-99CA-2DBB31D5C783}"
EndProject
Project("{FAE04EC0-301F-11D3-BF4B-00C04F79EFBC}") = "CrmBLTests", "CrmBLTests\CrmBLTests.csproj", "{FB550B2C-0FC9-4D60-82D5-AB7885DD4E62}"
EndProject
Global
	GlobalSection(SolutionConfigurationPlatforms) = preSolution
		Debug|Any CPU = Debug|Any CPU
		Release|Any CPU = Release|Any CPU
	EndGlobalSection
	GlobalSection(ProjectConfigurationPlatforms) = postSolution
		{40E2F865-24A2-438A-98B4-58EFD9F639F0}.Debug|Any CPU.ActiveCfg = Debug|Any CPU
		{40E2F865-24A2-438A-98B4-58EFD9F639F0}.Debug|Any CPU.Build.0 = Debug|Any CPU
		{40E2F865-24A2-438A-98B4-58EFD9F639F0}.Release|Any CPU.ActiveCfg = Release|Any CPU
		{40E2F865-24A2-438A-98B4-58EFD9F639F0}.Release|Any CPU.Build.0 = Release|Any CPU
		{16124725-C5E2-4BC1-99CA-2DBB31D5C783}.Debug|Any CPU.ActiveCfg = Debug|Any CPU
		{16124725-C5E2-4BC1-99CA-2DBB31D5C783}.Debug|Any CPU.Build.0 = Debug|Any CPU
		{16124725-C5E2-4BC1-99CA-2DBB31D5C783}.Release|Any CPU.ActiveCfg = Release|Any CPU
		{16124725-C5E2-4BC1-99CA-2DBB31D5C783}.Release|Any CPU.Build.0 = Release|Any CPU
		{FB550B2C-0FC9-4D60-82D5-AB7885DD4E62}.Debug|Any CPU.ActiveCfg = Debug|Any CPU
		{FB550B2C-0FC9-4D60-82D5-AB7885DD4E62}.Debug|Any CPU.Build.0 = Debug|Any CPU
		{FB550B2C-0FC9-4D60-82D5-AB7885DD4E62}.Release|Any CPU.ActiveCfg = Release|Any CPU
		{FB550B2C-0FC9-4D60-82D5-AB7885DD4E62}.Release|Any CPU.Build.0 = Release|Any CPU
	EndGlobalSection
	GlobalSection(SolutionProperties) = preSolution
		HideSolutionNode = FALSE
	EndGlobalSection
	GlobalSection(ExtensibilityGlobals) = postSolution
		SolutionGuid = {C6A13C83-5D0C-4A93-9AE1-E8D90C1F380A}
	EndGlobalSection
EndGlobal
